{
  "name": "fast-github",
  "version": "1.0.0",
  "lockfileVersion": 3,
  "requires": true,
  "packages": {
    "": {
      "name": "fast-github",
      "version": "1.0.0",
      "license": "MIT",
      "bin": {
        "github": "index.js"
      },
      "engines": {
        "node": ">=14.0.0"
      }
    }
  }
}
